
Microsoft Visual Studio Solution File, Format Version 12.00
# Visual Studio 15
VisualStudioVersion = 15.0.28307.1433
MinimumVisualStudioVersion = 10.0.40219.1
Project("{FAE04EC0-301F-11D3-BF4B-00C04F79EFBC}") = "LinqDemo", "LinqDemo\LinqDemo.csproj", "{3A1E0209-1790-4483-9E21-432B6D37D8A0}"
EndProject
Global
	GlobalSection(SolutionConfigurationPlatforms) = preSolution
		Debug|Any CPU = Debug|Any CPU
		Release|Any CPU = Release|Any CPU
	EndGlobalSection
	GlobalSection(ProjectConfigurationPlatforms) = postSolution
		{3A1E0209-1790-4483-9E21-432B6D37D8A0}.Debug|Any CPU.ActiveCfg = Debug|Any CPU
		{3A1E0209-1790-4483-9E21-432B6D37D8A0}.Debug|Any CPU.Build.0 = Debug|Any CPU
		{3A1E0209-1790-4483-9E21-432B6D37D8A0}.Release|Any CPU.ActiveCfg = Release|Any CPU
		{3A1E0209-1790-4483-9E21-432B6D37D8A0}.Release|Any CPU.Build.0 = Release|Any CPU
	EndGlobalSection
	GlobalSection(SolutionProperties) = preSolution
		HideSolutionNode = FALSE
	EndGlobalSection
	GlobalSection(ExtensibilityGlobals) = postSolution
		SolutionGuid = {2BEB80ED-9210-48E8-903F-13834CBC87C1}
	EndGlobalSection
EndGlobal
